
Microsoft Visual Studio Solution File, Format Version 12.00
# Visual Studio Version 17
VisualStudioVersion = 17.10.34916.146
MinimumVisualStudioVersion = 10.0.40219.1
Project("{9A19103F-16F7-4668-BE54-9A1E7A4F7556}") = "BodybuildingTest", "BodybuildingTest\BodybuildingTest.csproj", "{54DDA149-494D-4197-B30D-59CC28AE9DB0}"
EndProject
Project("{9A19103F-16F7-4668-BE54-9A1E7A4F7556}") = "BodybuildingTest.Tests", "BodybuildingTest.Tests\BodybuildingTest.Tests.csproj", "{3D5FAA15-E62C-445D-9C10-B51EA6C4A3CE}"
EndProject
Project("{9A19103F-16F7-4668-BE54-9A1E7A4F7556}") = "BodyBuilding", "BodyBuilding\BodyBuilding.csproj", "{205169F8-3B31-4985-AF6F-9042DFA8CABE}"
EndProject
Global
	GlobalSection(SolutionConfigurationPlatforms) = preSolution
		Debug|Any CPU = Debug|Any CPU
		Release|Any CPU = Release|Any CPU
	EndGlobalSection
	GlobalSection(ProjectConfigurationPlatforms) = postSolution
		{54DDA149-494D-4197-B30D-59CC28AE9DB0}.Debug|Any CPU.ActiveCfg = Debug|Any CPU
		{54DDA149-494D-4197-B30D-59CC28AE9DB0}.Debug|Any CPU.Build.0 = Debug|Any CPU
		{54DDA149-494D-4197-B30D-59CC28AE9DB0}.Release|Any CPU.ActiveCfg = Release|Any CPU
		{54DDA149-494D-4197-B30D-59CC28AE9DB0}.Release|Any CPU.Build.0 = Release|Any CPU
		{3D5FAA15-E62C-445D-9C10-B51EA6C4A3CE}.Debug|Any CPU.ActiveCfg = Debug|Any CPU
		{3D5FAA15-E62C-445D-9C10-B51EA6C4A3CE}.Debug|Any CPU.Build.0 = Debug|Any CPU
		{3D5FAA15-E62C-445D-9C10-B51EA6C4A3CE}.Release|Any CPU.ActiveCfg = Release|Any CPU
		{3D5FAA15-E62C-445D-9C10-B51EA6C4A3CE}.Release|Any CPU.Build.0 = Release|Any CPU
		{205169F8-3B31-4985-AF6F-9042DFA8CABE}.Debug|Any CPU.ActiveCfg = Debug|Any CPU
		{205169F8-3B31-4985-AF6F-9042DFA8CABE}.Debug|Any CPU.Build.0 = Debug|Any CPU
		{205169F8-3B31-4985-AF6F-9042DFA8CABE}.Release|Any CPU.ActiveCfg = Release|Any CPU
		{205169F8-3B31-4985-AF6F-9042DFA8CABE}.Release|Any CPU.Build.0 = Release|Any CPU
	EndGlobalSection
	GlobalSection(SolutionProperties) = preSolution
		HideSolutionNode = FALSE
	EndGlobalSection
	GlobalSection(ExtensibilityGlobals) = postSolution
		SolutionGuid = {01E9323B-8E24-44B7-A6BB-EF13FFAF7881}
	EndGlobalSection
EndGlobal
